
Microsoft Visual Studio Solution File, Format Version 12.00
# Visual Studio 15
VisualStudioVersion = 15.0.26730.16
MinimumVisualStudioVersion = 10.0.40219.1
Project("{FAE04EC0-301F-11D3-BF4B-00C04F79EFBC}") = "OnBudget", "OnBudget\OnBudget\OnBudget.csproj", "{54C97B8C-3CFB-4FF2-BF05-B95DE9E364BE}"
EndProject
Project("{FAE04EC0-301F-11D3-BF4B-00C04F79EFBC}") = "OnBudget.Android", "OnBudget\OnBudget.Android\OnBudget.Android.csproj", "{00B1F433-C66D-4615-9BBC-698F493A4087}"
EndProject
Project("{FAE04EC0-301F-11D3-BF4B-00C04F79EFBC}") = "OnBudget.iOS", "OnBudget\OnBudget.iOS\OnBudget.iOS.csproj", "{13D7B29E-0380-419A-983C-168710B46973}"
EndProject
Project("{FAE04EC0-301F-11D3-BF4B-00C04F79EFBC}") = "OnBudget.UWP", "OnBudget\OnBudget.UWP\OnBudget.UWP.csproj", "{F1472B82-E9FD-4671-B562-E48BEA61FC74}"
EndProject
Project("{FAE04EC0-301F-11D3-BF4B-00C04F79EFBC}") = "OnBudget.MobileAppService", "OnBudget\OnBudget.MobileAppService\OnBudget.MobileAppService.csproj", "{DFBFEA12-08BD-4319-8BFC-59409EF76DC6}"
EndProject
Global
	GlobalSection(SolutionConfigurationPlatforms) = preSolution
		Debug|Any CPU = Debug|Any CPU
		Debug|ARM = Debug|ARM
		Debug|iPhone = Debug|iPhone
		Debug|iPhoneSimulator = Debug|iPhoneSimulator
		Debug|x64 = Debug|x64
		Debug|x86 = Debug|x86
		Release|Any CPU = Release|Any CPU
		Release|ARM = Release|ARM
		Release|iPhone = Release|iPhone
		Release|iPhoneSimulator = Release|iPhoneSimulator
		Release|x64 = Release|x64
		Release|x86 = Release|x86
	EndGlobalSection
	GlobalSection(ProjectConfigurationPlatforms) = postSolution
		{54C97B8C-3CFB-4FF2-BF05-B95DE9E364BE}.Debug|Any CPU.ActiveCfg = Debug|Any CPU
		{54C97B8C-3CFB-4FF2-BF05-B95DE9E364BE}.Debug|Any CPU.Build.0 = Debug|Any CPU
		{54C97B8C-3CFB-4FF2-BF05-B95DE9E364BE}.Debug|ARM.ActiveCfg = Debug|Any CPU
		{54C97B8C-3CFB-4FF2-BF05-B95DE9E364BE}.Debug|ARM.Build.0 = Debug|Any CPU
		{54C97B8C-3CFB-4FF2-BF05-B95DE9E364BE}.Debug|iPhone.ActiveCfg = Debug|Any CPU
		{54C97B8C-3CFB-4FF2-BF05-B95DE9E364BE}.Debug|iPhone.Build.0 = Debug|Any CPU
		{54C97B8C-3CFB-4FF2-BF05-B95DE9E364BE}.Debug|iPhoneSimulator.ActiveCfg = Debug|Any CPU
		{54C97B8C-3CFB-4FF2-BF05-B95DE9E364BE}.Debug|iPhoneSimulator.Build.0 = Debug|Any CPU
		{54C97B8C-3CFB-4FF2-BF05-B95DE9E364BE}.Debug|x64.ActiveCfg = Debug|Any CPU
		{54C97B8C-3CFB-4FF2-BF05-B95DE9E364BE}.Debug|x64.Build.0 = Debug|Any CPU
		{54C97B8C-3CFB-4FF2-BF05-B95DE9E364BE}.Debug|x86.ActiveCfg = Debug|Any CPU
		{54C97B8C-3CFB-4FF2-BF05-B95DE9E364BE}.Debug|x86.Build.0 = Debug|Any CPU
		{54C97B8C-3CFB-4FF2-BF05-B95DE9E364BE}.Release|Any CPU.ActiveCfg = Release|Any CPU
		{54C97B8C-3CFB-4FF2-BF05-B95DE9E364BE}.Release|Any CPU.Build.0 = Release|Any CPU
		{54C97B8C-3CFB-4FF2-BF05-B95DE9E364BE}.Release|ARM.ActiveCfg = Release|Any CPU
		{54C97B8C-3CFB-4FF2-BF05-B95DE9E364BE}.Release|ARM.Build.0 = Release|Any CPU
		{54C97B8C-3CFB-4FF2-BF05-B95DE9E364BE}.Release|iPhone.ActiveCfg = Release|Any CPU
		{54C97B8C-3CFB-4FF2-BF05-B95DE9E364BE}.Release|iPhone.Build.0 = Release|Any CPU
		{54C97B8C-3CFB-4FF2-BF05-B95DE9E364BE}.Release|iPhoneSimulator.ActiveCfg = Release|Any CPU
		{54C97B8C-3CFB-4FF2-BF05-B95DE9E364BE}.Release|iPhoneSimulator.Build.0 = Release|Any CPU
		{54C97B8C-3CFB-4FF2-BF05-B95DE9E364BE}.Release|x64.ActiveCfg = Release|Any CPU
		{54C97B8C-3CFB-4FF2-BF05-B95DE9E364BE}.Release|x64.Build.0 = Release|Any CPU
		{54C97B8C-3CFB-4FF2-BF05-B95DE9E364BE}.Release|x86.ActiveCfg = Release|Any CPU
		{54C97B8C-3CFB-4FF2-BF05-B95DE9E364BE}.Release|x86.Build.0 = Release|Any CPU
		{00B1F433-C66D-4615-9BBC-698F493A4087}.Debug|Any CPU.ActiveCfg = Debug|Any CPU
		{00B1F433-C66D-4615-9BBC-698F493A4087}.Debug|Any CPU.Build.0 = Debug|Any CPU
		{00B1F433-C66D-4615-9BBC-698F493A4087}.Debug|Any CPU.Deploy.0 = Debug|Any CPU
		{00B1F433-C66D-4615-9BBC-698F493A4087}.Debug|ARM.ActiveCfg = Debug|Any CPU
		{00B1F433-C66D-4615-9BBC-698F493A4087}.Debug|ARM.Build.0 = Debug|Any CPU
		{00B1F433-C66D-4615-9BBC-698F493A4087}.Debug|ARM.Deploy.0 = Debug|Any CPU
		{00B1F433-C66D-4615-9BBC-698F493A4087}.Debug|iPhone.ActiveCfg = Debug|Any CPU
		{00B1F433-C66D-4615-9BBC-698F493A4087}.Debug|iPhone.Build.0 = Debug|Any CPU
		{00B1F433-C66D-4615-9BBC-698F493A4087}.Debug|iPhone.Deploy.0 = Debug|Any CPU
		{00B1F433-C66D-4615-9BBC-698F493A4087}.Debug|iPhoneSimulator.ActiveCfg = Debug|Any CPU
		{00B1F433-C66D-4615-9BBC-698F493A4087}.Debug|iPhoneSimulator.Build.0 = Debug|Any CPU
		{00B1F433-C66D-4615-9BBC-698F493A4087}.Debug|iPhoneSimulator.Deploy.0 = Debug|Any CPU
		{00B1F433-C66D-4615-9BBC-698F493A4087}.Debug|x64.ActiveCfg = Debug|Any CPU
		{00B1F433-C66D-4615-9BBC-698F493A4087}.Debug|x64.Build.0 = Debug|Any CPU
		{00B1F433-C66D-4615-9BBC-698F493A4087}.Debug|x64.Deploy.0 = Debug|Any CPU
		{00B1F433-C66D-4615-9BBC-698F493A4087}.Debug|x86.ActiveCfg = Debug|Any CPU
		{00B1F433-C66D-4615-9BBC-698F493A4087}.Debug|x86.Build.0 = Debug|Any CPU
		{00B1F433-C66D-4615-9BBC-698F493A4087}.Debug|x86.Deploy.0 = Debug|Any CPU
		{00B1F433-C66D-4615-9BBC-698F493A4087}.Release|Any CPU.ActiveCfg = Release|Any CPU
		{00B1F433-C66D-4615-9BBC-698F493A4087}.Release|Any CPU.Build.0 = Release|Any CPU
		{00B1F433-C66D-4615-9BBC-698F493A4087}.Release|Any CPU.Deploy.0 = Release|Any CPU
		{00B1F433-C66D-4615-9BBC-698F493A4087}.Release|ARM.ActiveCfg = Release|Any CPU
		{00B1F433-C66D-4615-9BBC-698F493A4087}.Release|ARM.Build.0 = Release|Any CPU
		{00B1F433-C66D-4615-9BBC-698F493A4087}.Release|ARM.Deploy.0 = Release|Any CPU
		{00B1F433-C66D-4615-9BBC-698F493A4087}.Release|iPhone.ActiveCfg = Release|Any CPU
		{00B1F433-C66D-4615-9BBC-698F493A4087}.Release|iPhone.Build.0 = Release|Any CPU
		{00B1F433-C66D-4615-9BBC-698F493A4087}.Release|iPhone.Deploy.0 = Release|Any CPU
		{00B1F433-C66D-4615-9BBC-698F493A4087}.Release|iPhoneSimulator.ActiveCfg = Release|Any CPU
		{00B1F433-C66D-4615-9BBC-698F493A4087}.Release|iPhoneSimulator.Build.0 = Release|Any CPU
		{00B1F433-C66D-4615-9BBC-698F493A4087}.Release|iPhoneSimulator.Deploy.0 = Release|Any CPU
		{00B1F433-C66D-4615-9BBC-698F493A4087}.Release|x64.ActiveCfg = Release|Any CPU
		{00B1F433-C66D-4615-9BBC-698F493A4087}.Release|x64.Build.0 = Release|Any CPU
		{00B1F433-C66D-4615-9BBC-698F493A4087}.Release|x64.Deploy.0 = Release|Any CPU
		{00B1F433-C66D-4615-9BBC-698F493A4087}.Release|x86.ActiveCfg = Release|Any CPU
		{00B1F433-C66D-4615-9BBC-698F493A4087}.Release|x86.Build.0 = Release|Any CPU
		{00B1F433-C66D-4615-9BBC-698F493A4087}.Release|x86.Deploy.0 = Release|Any CPU
		{13D7B29E-0380-419A-983C-168710B46973}.Debug|Any CPU.ActiveCfg = Debug|iPhone
		{13D7B29E-0380-419A-983C-168710B46973}.Debug|ARM.ActiveCfg = Debug|iPhone
		{13D7B29E-0380-419A-983C-168710B46973}.Debug|iPhone.ActiveCfg = Debug|iPhone
		{13D7B29E-0380-419A-983C-168710B46973}.Debug|iPhone.Build.0 = Debug|iPhone
		{13D7B29E-0380-419A-983C-168710B46973}.Debug|iPhoneSimulator.ActiveCfg = Debug|iPhoneSimulator
		{13D7B29E-0380-419A-983C-168710B46973}.Debug|iPhoneSimulator.Build.0 = Debug|iPhoneSimulator
		{13D7B29E-0380-419A-983C-168710B46973}.Debug|x64.ActiveCfg = Debug|iPhone
		{13D7B29E-0380-419A-983C-168710B46973}.Debug|x86.ActiveCfg = Debug|iPhone
		{13D7B29E-0380-419A-983C-168710B46973}.Release|Any CPU.ActiveCfg = Release|iPhone
		{13D7B29E-0380-419A-983C-168710B46973}.Release|ARM.ActiveCfg = Release|iPhone
		{13D7B29E-0380-419A-983C-168710B46973}.Release|iPhone.ActiveCfg = Release|iPhone
		{13D7B29E-0380-419A-983C-168710B46973}.Release|iPhone.Build.0 = Release|iPhone
		{13D7B29E-0380-419A-983C-168710B46973}.Release|iPhoneSimulator.ActiveCfg = Release|iPhoneSimulator
		{13D7B29E-0380-419A-983C-168710B46973}.Release|iPhoneSimulator.Build.0 = Release|iPhoneSimulator
		{13D7B29E-0380-419A-983C-168710B46973}.Release|x64.ActiveCfg = Release|iPhone
		{13D7B29E-0380-419A-983C-168710B46973}.Release|x86.ActiveCfg = Release|iPhone
		{F1472B82-E9FD-4671-B562-E48BEA61FC74}.Debug|Any CPU.ActiveCfg = Debug|x86
		{F1472B82-E9FD-4671-B562-E48BEA61FC74}.Debug|ARM.ActiveCfg = Debug|ARM
		{F1472B82-E9FD-4671-B562-E48BEA61FC74}.Debug|ARM.Build.0 = Debug|ARM
		{F1472B82-E9FD-4671-B562-E48BEA61FC74}.Debug|ARM.Deploy.0 = Debug|ARM
		{F1472B82-E9FD-4671-B562-E48BEA61FC74}.Debug|iPhone.ActiveCfg = Debug|x86
		{F1472B82-E9FD-4671-B562-E48BEA61FC74}.Debug|iPhoneSimulator.ActiveCfg = Debug|x86
		{F1472B82-E9FD-4671-B562-E48BEA61FC74}.Debug|x64.ActiveCfg = Debug|x64
		{F1472B82-E9FD-4671-B562-E48BEA61FC74}.Debug|x64.Build.0 = Debug|x64
		{F1472B82-E9FD-4671-B562-E48BEA61FC74}.Debug|x64.Deploy.0 = Debug|x64
		{F1472B82-E9FD-4671-B562-E48BEA61FC74}.Debug|x86.ActiveCfg = Debug|x86
		{F1472B82-E9FD-4671-B562-E48BEA61FC74}.Debug|x86.Build.0 = Debug|x86
		{F1472B82-E9FD-4671-B562-E48BEA61FC74}.Debug|x86.Deploy.0 = Debug|x86
		{F1472B82-E9FD-4671-B562-E48BEA61FC74}.Release|Any CPU.ActiveCfg = Release|x86
		{F1472B82-E9FD-4671-B562-E48BEA61FC74}.Release|ARM.ActiveCfg = Release|ARM
		{F1472B82-E9FD-4671-B562-E48BEA61FC74}.Release|ARM.Build.0 = Release|ARM
		{F1472B82-E9FD-4671-B562-E48BEA61FC74}.Release|ARM.Deploy.0 = Release|ARM
		{F1472B82-E9FD-4671-B562-E48BEA61FC74}.Release|iPhone.ActiveCfg = Release|x86
		{F1472B82-E9FD-4671-B562-E48BEA61FC74}.Release|iPhoneSimulator.ActiveCfg = Release|x86
		{F1472B82-E9FD-4671-B562-E48BEA61FC74}.Release|x64.ActiveCfg = Release|x64
		{F1472B82-E9FD-4671-B562-E48BEA61FC74}.Release|x64.Build.0 = Release|x64
		{F1472B82-E9FD-4671-B562-E48BEA61FC74}.Release|x64.Deploy.0 = Release|x64
		{F1472B82-E9FD-4671-B562-E48BEA61FC74}.Release|x86.ActiveCfg = Release|x86
		{F1472B82-E9FD-4671-B562-E48BEA61FC74}.Release|x86.Build.0 = Release|x86
		{F1472B82-E9FD-4671-B562-E48BEA61FC74}.Release|x86.Deploy.0 = Release|x86
		{DFBFEA12-08BD-4319-8BFC-59409EF76DC6}.Debug|Any CPU.ActiveCfg = Debug|Any CPU
		{DFBFEA12-08BD-4319-8BFC-59409EF76DC6}.Debug|Any CPU.Build.0 = Debug|Any CPU
		{DFBFEA12-08BD-4319-8BFC-59409EF76DC6}.Debug|ARM.ActiveCfg = Debug|Any CPU
		{DFBFEA12-08BD-4319-8BFC-59409EF76DC6}.Debug|ARM.Build.0 = Debug|Any CPU
		{DFBFEA12-08BD-4319-8BFC-59409EF76DC6}.Debug|iPhone.ActiveCfg = Debug|Any CPU
		{DFBFEA12-08BD-4319-8BFC-59409EF76DC6}.Debug|iPhone.Build.0 = Debug|Any CPU
		{DFBFEA12-08BD-4319-8BFC-59409EF76DC6}.Debug|iPhoneSimulator.ActiveCfg = Debug|Any CPU
		{DFBFEA12-08BD-4319-8BFC-59409EF76DC6}.Debug|iPhoneSimulator.Build.0 = Debug|Any CPU
		{DFBFEA12-08BD-4319-8BFC-59409EF76DC6}.Debug|x64.ActiveCfg = Debug|Any CPU
		{DFBFEA12-08BD-4319-8BFC-59409EF76DC6}.Debug|x64.Build.0 = Debug|Any CPU
		{DFBFEA12-08BD-4319-8BFC-59409EF76DC6}.Debug|x86.ActiveCfg = Debug|Any CPU
		{DFBFEA12-08BD-4319-8BFC-59409EF76DC6}.Debug|x86.Build.0 = Debug|Any CPU
		{DFBFEA12-08BD-4319-8BFC-59409EF76DC6}.Release|Any CPU.ActiveCfg = Release|Any CPU
		{DFBFEA12-08BD-4319-8BFC-59409EF76DC6}.Release|Any CPU.Build.0 = Release|Any CPU
		{DFBFEA12-08BD-4319-8BFC-59409EF76DC6}.Release|ARM.ActiveCfg = Release|Any CPU
		{DFBFEA12-08BD-4319-8BFC-59409EF76DC6}.Release|ARM.Build.0 = Release|Any CPU
		{DFBFEA12-08BD-4319-8BFC-59409EF76DC6}.Release|iPhone.ActiveCfg = Release|Any CPU
		{DFBFEA12-08BD-4319-8BFC-59409EF76DC6}.Release|iPhone.Build.0 = Release|Any CPU
		{DFBFEA12-08BD-4319-8BFC-59409EF76DC6}.Release|iPhoneSimulator.ActiveCfg = Release|Any CPU
		{DFBFEA12-08BD-4319-8BFC-59409EF76DC6}.Release|iPhoneSimulator.Build.0 = Release|Any CPU
		{DFBFEA12-08BD-4319-8BFC-59409EF76DC6}.Release|x64.ActiveCfg = Release|Any CPU
		{DFBFEA12-08BD-4319-8BFC-59409EF76DC6}.Release|x64.Build.0 = Release|Any CPU
		{DFBFEA12-08BD-4319-8BFC-59409EF76DC6}.Release|x86.ActiveCfg = Release|Any CPU
		{DFBFEA12-08BD-4319-8BFC-59409EF76DC6}.Release|x86.Build.0 = Release|Any CPU
	EndGlobalSection
	GlobalSection(SolutionProperties) = preSolution
		HideSolutionNode = FALSE
	EndGlobalSection
	GlobalSection(ExtensibilityGlobals) = postSolution
		SolutionGuid = {6059E602-7AE9-4952-8674-BA61CAF4CF33}
	EndGlobalSection
EndGlobal
